
Microsoft Visual Studio Solution File, Format Version 12.00
# Visual Studio Version 17
VisualStudioVersion = 17.7.34031.279
MinimumVisualStudioVersion = 10.0.40219.1
Project("{FAE04EC0-301F-11D3-BF4B-00C04F79EFBC}") = "OperacionesApp", "OperacionesApp\OperacionesApp.csproj", "{FAF42BA9-AD67-4CCD-84EE-802BD3F90B9B}"
EndProject
Global
	GlobalSection(SolutionConfigurationPlatforms) = preSolution
		Debug|Any CPU = Debug|Any CPU
		Release|Any CPU = Release|Any CPU
	EndGlobalSection
	GlobalSection(ProjectConfigurationPlatforms) = postSolution
		{FAF42BA9-AD67-4CCD-84EE-802BD3F90B9B}.Debug|Any CPU.ActiveCfg = Debug|Any CPU
		{FAF42BA9-AD67-4CCD-84EE-802BD3F90B9B}.Debug|Any CPU.Build.0 = Debug|Any CPU
		{FAF42BA9-AD67-4CCD-84EE-802BD3F90B9B}.Debug|Any CPU.Deploy.0 = Debug|Any CPU
		{FAF42BA9-AD67-4CCD-84EE-802BD3F90B9B}.Release|Any CPU.ActiveCfg = Release|Any CPU
		{FAF42BA9-AD67-4CCD-84EE-802BD3F90B9B}.Release|Any CPU.Build.0 = Release|Any CPU
		{FAF42BA9-AD67-4CCD-84EE-802BD3F90B9B}.Release|Any CPU.Deploy.0 = Release|Any CPU
	EndGlobalSection
	GlobalSection(SolutionProperties) = preSolution
		HideSolutionNode = FALSE
	EndGlobalSection
	GlobalSection(ExtensibilityGlobals) = postSolution
		SolutionGuid = {F71CF2C8-B440-4631-BF27-739F8BEA0BB3}
	EndGlobalSection
EndGlobal
